// !$*UTF8*$!
{
	archiveVersion = 1;
	classes = {
	};
	objectVersion = 46;
	objects = {

/* Begin PBXBuildFile section */
		EF74B3F81BC900CB0092D504 /* main.m in Sources */ = {isa = PBXBuildFile; fileRef = EF74B3F71BC900CB0092D504 /* main.m */; };
		EF74B3FB1BC900CB0092D504 /* AppDelegate.m in Sources */ = {isa = PBXBuildFile; fileRef = EF74B3FA1BC900CB0092D504 /* AppDelegate.m */; };
		EF74B3FE1BC900CB0092D504 /* ViewController.m in Sources */ = {isa = PBXBuildFile; fileRef = EF74B3FD1BC900CB0092D504 /* ViewController.m */; };
		EF74B4011BC900CB0092D504 /* Main.storyboard in Resources */ = {isa = PBXBuildFile; fileRef = EF74B3FF1BC900CB0092D504 /* Main.storyboard */; };
		EF74B4031BC900CB0092D504 /* Assets.xcassets in Resources */ = {isa = PBXBuildFile; fileRef = EF74B4021BC900CB0092D504 /* Assets.xcassets */; };
		EF74B4061BC900CB0092D504 /* LaunchScreen.storyboard in Resources */ = {isa = PBXBuildFile; fileRef = EF74B4041BC900CB0092D504 /* LaunchScreen.storyboard */; };
		EF74B4111BC900CB0092D504 /* TestGitTests.m in Sources */ = {isa = PBXBuildFile; fileRef = EF74B4101BC900CB0092D504 /* TestGitTests.m */; };
		EF74B41C1BC900CC0092D504 /* TestGitUITests.m in Sources */ = {isa = PBXBuildFile; fileRef = EF74B41B1BC900CC0092D504 /* TestGitUITests.m */; };
/* End PBXBuildFile section */

/* Begin PBXContainerItemProxy section */
		EF74B40D1BC900CB0092D504 /* PBXContainerItemProxy */ = {
			isa = PBXContainerItemProxy;
			containerPortal = EF74B3EB1BC900CB0092D504 /* Project object */;
			proxyType = 1;
			remoteGlobalIDString = EF74B3F21BC900CB0092D504;
			remoteInfo = TestGit;
		};
		EF74B4181BC900CC0092D504 /* PBXContainerItemProxy */ = {
			isa = PBXContainerItemProxy;
			containerPortal = EF74B3EB1BC900CB0092D504 /* Project object */;
			proxyType = 1;
			remoteGlobalIDString = EF74B3F21BC900CB0092D504;
			remoteInfo = TestGit;
		};
/* End PBXContainerItemProxy section */

/* Begin PBXFileReference section */
		EF74B3F31BC900CB0092D504 /* TestGit.app */ = {isa = PBXFileReference; explicitFileType = wrapper.application; includeInIndex = 0; path = TestGit.app; sourceTree = BUILT_PRODUCTS_DIR; };
		EF74B3F71BC900CB0092D504 /* main.m */ = {isa = PBXFileReference; lastKnownFileType = sourcecode.c.objc; path = main.m; sourceTree = "<group>"; };
		EF74B3F91BC900CB0092D504 /* AppDelegate.h */ = {isa = PBXFileReference; lastKnownFileType = sourcecode.c.h; path = AppDelegate.h; sourceTree = "<group>"; };
		EF74B3FA1BC900CB0092D504 /* AppDelegate.m */ = {isa = PBXFileReference; lastKnownFileType = sourcecode.c.objc; path = AppDelegate.m; sourceTree = "<group>"; };
		EF74B3FC1BC900CB0092D504 /* ViewController.h */ = {isa = PBXFileReference; lastKnownFileType = sourcecode.c.h; path = ViewController.h; sourceTree = "<group>"; };
		EF74B3FD1BC900CB0092D504 /* ViewController.m */ = {isa = PBXFileReference; lastKnownFileType = sourcecode.c.objc; path = ViewController.m; sourceTree = "<group>"; };
		EF74B4001BC900CB0092D504 /* Base */ = {isa = PBXFileReference; lastKnownFileType = file.storyboard; name = Base; path = Base.lproj/Main.storyboard; sourceTree = "<group>"; };
		EF74B4021BC900CB0092D504 /* Assets.xcassets */ = {isa = PBXFileReference; lastKnownFileType = folder.assetcatalog; path = Assets.xcassets; sourceTree = "<group>"; };
		EF74B4051BC900CB0092D504 /* Base */ = {isa = PBXFileReference; lastKnownFileType = file.storyboard; name = Base; path = Base.lproj/LaunchScreen.storyboard; sourceTree = "<group>"; };
		EF74B4071BC900CB0092D504 /* Info.plist */ = {isa = PBXFileReference; lastKnownFileType = text.plist.xml; path = Info.plist; sourceTree = "<group>"; };
		EF74B40C1BC900CB0092D504 /* TestGitTests.xctest */ = {isa = PBXFileReference; explicitFileType = wrapper.cfbundle; includeInIndex = 0; path = TestGitTests.xctest; sourceTree = BUILT_PRODUCTS_DIR; };
		EF74B4101BC900CB0092D504 /* TestGitTests.m */ = {isa = PBXFileReference; lastKnownFileType = sourcecode.c.objc; path = TestGitTests.m; sourceTree = "<group>"; };
		EF74B4121BC900CB0092D504 /* Info.plist */ = {isa = PBXFileReference; lastKnownFileType = text.plist.xml; path = Info.plist; sourceTree = "<group>"; };
		EF74B4171BC900CC0092D504 /* TestGitUITests.xctest */ = {isa = PBXFileReference; explicitFileType = wrapper.cfbundle; includeInIndex = 0; path = TestGitUITests.xctest; sourceTree = BUILT_PRODUCTS_DIR; };
		EF74B41B1BC900CC0092D504 /* TestGitUITests.m */ = {isa = PBXFileReference; lastKnownFileType = sourcecode.c.objc; path = TestGitUITests.m; sourceTree = "<group>"; };
		EF74B41D1BC900CC0092D504 /* Info.plist */ = {isa = PBXFileReference; lastKnownFileType = text.plist.xml; path = Info.plist; sourceTree = "<group>"; };
/* End PBXFileReference section */

/* Begin PBXFrameworksBuildPhase section */
		EF74B3F01BC900CB0092D504 /* Frameworks */ = {
			isa = PBXFrameworksBuildPhase;
			buildActionMask = 2147483647;
			files = (
			);
			runOnlyForDeploymentPostprocessing = 0;
		};
		EF74B4091BC900CB0092D504 /* Frameworks */ = {
			isa = PBXFrameworksBuildPhase;
			buildActionMask = 2147483647;
			files = (
			);
			runOnlyForDeploymentPostprocessing = 0;
		};
		EF74B4141BC900CC0092D504 /* Frameworks */ = {
			isa = PBXFrameworksBuildPhase;
			buildActionMask = 2147483647;
			files = (
			);
			runOnlyForDeploymentPostprocessing = 0;
		};
/* End PBXFrameworksBuildPhase section */

/* Begin PBXGroup section */
		EF74B3EA1BC900CB0092D504 = {
			isa = PBXGroup;
			children = (
				EF74B3F51BC900CB0092D504 /* TestGit */,
				EF74B40F1BC900CB0092D504 /* TestGitTests */,
				EF74B41A1BC900CC0092D504 /* TestGitUITests */,
				EF74B3F41BC900CB0092D504 /* Products */,
			);
			sourceTree = "<group>";
		};
		EF74B3F41BC900CB0092D504 /* Products */ = {
			isa = PBXGroup;
			children = (
				EF74B3F31BC900CB0092D504 /* TestGit.app */,
				EF74B40C1BC900CB0092D504 /* TestGitTests.xctest */,
				EF74B4171BC900CC0092D504 /* TestGitUITests.xctest */,
			);
			name = Products;
			sourceTree = "<group>";
		};
		EF74B3F51BC900CB0092D504 /* TestGit */ = {
			isa = PBXGroup;
			children = (
				EF74B3F91BC900CB0092D504 /* AppDelegate.h */,
				EF74B3FA1BC900CB0092D504 /* AppDelegate.m */,
				EF74B3FC1BC900CB0092D504 /* ViewController.h */,
				EF74B3FD1BC900CB0092D504 /* ViewController.m */,
				EF74B3FF1BC900CB0092D504 /* Main.storyboard */,
				EF74B4021BC900CB0092D504 /* Assets.xcassets */,
				EF74B4041BC900CB0092D504 /* LaunchScreen.storyboard */,
				EF74B4071BC900CB0092D504 /* Info.plist */,
				EF74B3F61BC900CB0092D504 /* Supporting Files */,
			);
			path = TestGit;
			sourceTree = "<group>";
		};
		EF74B3F61BC900CB0092D504 /* Supporting Files */ = {
			isa = PBXGroup;
			children = (
				EF74B3F71BC900CB0092D504 /* main.m */,
			);
			name = "Supporting Files";
			sourceTree = "<group>";
		};
		EF74B40F1BC900CB0092D504 /* TestGitTests */ = {
			isa = PBXGroup;
			children = (
				EF74B4101BC900CB0092D504 /* TestGitTests.m */,
				EF74B4121BC900CB0092D504 /* Info.plist */,
			);
			path = TestGitTests;
			sourceTree = "<group>";
		};
		EF74B41A1BC900CC0092D504 /* TestGitUITests */ = {
			isa = PBXGroup;
			children = (
				EF74B41B1BC900CC0092D504 /* TestGitUITests.m */,
				EF74B41D1BC900CC0092D504 /* Info.plist */,
			);
			path = TestGitUITests;
			sourceTree = "<group>";
		};
/* End PBXGroup section */

/* Begin PBXNativeTarget section */
		EF74B3F21BC900CB0092D504 /* TestGit */ = {
			isa = PBXNativeTarget;
			buildConfigurationList = EF74B4201BC900CC0092D504 /* Build configuration list for PBXNativeTarget "TestGit" */;
			buildPhases = (
				EF74B3EF1BC900CB0092D504 /* Sources */,
				EF74B3F01BC900CB0092D504 /* Frameworks */,
				EF74B3F11BC900CB0092D504 /* Resources */,
			);
			buildRules = (
			);
			dependencies = (
			);
			name = TestGit;
			productName = TestGit;
			productReference = EF74B3F31BC900CB0092D504 /* TestGit.app */;
			productType = "com.apple.product-type.application";
		};
		EF74B40B1BC900CB0092D504 /* TestGitTests */ = {
			isa = PBXNativeTarget;
			buildConfigurationList = EF74B4231BC900CC0092D504 /* Build configuration list for PBXNativeTarget "TestGitTests" */;
			buildPhases = (
				EF74B4081BC900CB0092D504 /* Sources */,
				EF74B4091BC900CB0092D504 /* Frameworks */,
				EF74B40A1BC900CB0092D504 /* Resources */,
			);
			buildRules = (
			);
			dependencies = (
				EF74B40E1BC900CB0092D504 /* PBXTargetDependency */,
			);
			name = TestGitTests;
			productName = TestGitTests;
			productReference = EF74B40C1BC900CB0092D504 /* TestGitTests.xctest */;
			productType = "com.apple.product-type.bundle.unit-test";
		};
		EF74B4161BC900CC0092D504 /* TestGitUITests */ = {
			isa = PBXNativeTarget;
			buildConfigurationList = EF74B4261BC900CC0092D504 /* Build configuration list for PBXNativeTarget "TestGitUITests" */;
			buildPhases = (
				EF74B4131BC900CC0092D504 /* Sources */,
				EF74B4141BC900CC0092D504 /* Frameworks */,
				EF74B4151BC900CC0092D504 /* Resources */,
			);
			buildRules = (
			);
			dependencies = (
				EF74B4191BC900CC0092D504 /* PBXTargetDependency */,
			);
			name = TestGitUITests;
			productName = TestGitUITests;
			productReference = EF74B4171BC900CC0092D504 /* TestGitUITests.xctest */;
			productType = "com.apple.product-type.bundle.ui-testing";
		};
/* End PBXNativeTarget section */

/* Begin PBXProject section */
		EF74B3EB1BC900CB0092D504 /* Project object */ = {
			isa = PBXProject;
			attributes = {
				LastUpgradeCheck = 0700;
				ORGANIZATIONNAME = "Ankit Kumar";
				TargetAttributes = {
					EF74B3F21BC900CB0092D504 = {
						CreatedOnToolsVersion = 7.0.1;
					};
					EF74B40B1BC900CB0092D504 = {
						CreatedOnToolsVersion = 7.0.1;
						TestTargetID = EF74B3F21BC900CB0092D504;
					};
					EF74B4161BC900CC0092D504 = {
						CreatedOnToolsVersion = 7.0.1;
						TestTargetID = EF74B3F21BC900CB0092D504;
					};
				};
			};
			buildConfigurationList = EF74B3EE1BC900CB0092D504 /* Build configuration list for PBXProject "TestGit" */;
			compatibilityVersion = "Xcode 3.2";
			developmentRegion = English;
			hasScannedForEncodings = 0;
			knownRegions = (
				en,
				Base,
			);
			mainGroup = EF74B3EA1BC900CB0092D504;
			productRefGroup = EF74B3F41BC900CB0092D504 /* Products */;
			projectDirPath = "";
			projectRoot = "";
			targets = (
				EF74B3F21BC900CB0092D504 /* TestGit */,
				EF74B40B1BC900CB0092D504 /* TestGitTests */,
				EF74B4161BC900CC0092D504 /* TestGitUITests */,
			);
		};
/* End PBXProject section */

/* Begin PBXResourcesBuildPhase section */
		EF74B3F11BC900CB0092D504 /* Resources */ = {
			isa = PBXResourcesBuildPhase;
			buildActionMask = 2147483647;
			files = (
				EF74B4061BC900CB0092D504 /* LaunchScreen.storyboard in Resources */,
				EF74B4031BC900CB0092D504 /* Assets.xcassets in Resources */,
				EF74B4011BC900CB0092D504 /* Main.storyboard in Resources */,
			);
			runOnlyForDeploymentPostprocessing = 0;
		};
		EF74B40A1BC900CB0092D504 /* Resources */ = {
			isa = PBXResourcesBuildPhase;
			buildActionMask = 2147483647;
			files = (
			);
			runOnlyForDeploymentPostprocessing = 0;
		};
		EF74B4151BC900CC0092D504 /* Resources */ = {
			isa = PBXResourcesBuildPhase;
			buildActionMask = 2147483647;
			files = (
			);
			runOnlyForDeploymentPostprocessing = 0;
		};
/* End PBXResourcesBuildPhase section */

/* Begin PBXSourcesBuildPhase section */
		EF74B3EF1BC900CB0092D504 /* Sources */ = {
			isa = PBXSourcesBuildPhase;
			buildActionMask = 2147483647;
			files = (
				EF74B3FE1BC900CB0092D504 /* ViewController.m in Sources */,
				EF74B3FB1BC900CB0092D504 /* AppDelegate.m in Sources */,
				EF74B3F81BC900CB0092D504 /* main.m in Sources */,
			);
			runOnlyForDeploymentPostprocessing = 0;
		};
		EF74B4081BC900CB0092D504 /* Sources */ = {
			isa = PBXSourcesBuildPhase;
			buildActionMask = 2147483647;
			files = (
				EF74B4111BC900CB0092D504 /* TestGitTests.m in Sources */,
			);
			runOnlyForDeploymentPostprocessing = 0;
		};
		EF74B4131BC900CC0092D504 /* Sources */ = {
			isa = PBXSourcesBuildPhase;
			buildActionMask = 2147483647;
			files = (
				EF74B41C1BC900CC0092D504 /* TestGitUITests.m in Sources */,
			);
			runOnlyForDeploymentPostprocessing = 0;
		};
/* End PBXSourcesBuildPhase section */

/* Begin PBXTargetDependency section */
		EF74B40E1BC900CB0092D504 /* PBXTargetDependency */ = {
			isa = PBXTargetDependency;
			target = EF74B3F21BC900CB0092D504 /* TestGit */;
			targetProxy = EF74B40D1BC900CB0092D504 /* PBXContainerItemProxy */;
		};
		EF74B4191BC900CC0092D504 /* PBXTargetDependency */ = {
			isa = PBXTargetDependency;
			target = EF74B3F21BC900CB0092D504 /* TestGit */;
			targetProxy = EF74B4181BC900CC0092D504 /* PBXContainerItemProxy */;
		};
/* End PBXTargetDependency section */

/* Begin PBXVariantGroup section */
		EF74B3FF1BC900CB0092D504 /* Main.storyboard */ = {
			isa = PBXVariantGroup;
			children = (
				EF74B4001BC900CB0092D504 /* Base */,
			);
			name = Main.storyboard;
			sourceTree = "<group>";
		};
		EF74B4041BC900CB0092D504 /* LaunchScreen.storyboard */ = {
			isa = PBXVariantGroup;
			children = (
				EF74B4051BC900CB0092D504 /* Base */,
			);
			name = LaunchScreen.storyboard;
			sourceTree = "<group>";
		};
/* End PBXVariantGroup section */

/* Begin XCBuildConfiguration section */
		EF74B41E1BC900CC0092D504 /* Debug */ = {
			isa = XCBuildConfiguration;
			buildSettings = {
				ALWAYS_SEARCH_USER_PATHS = NO;
				CLANG_CXX_LANGUAGE_STANDARD = "gnu++0x";
				CLANG_CXX_LIBRARY = "libc++";
				CLANG_ENABLE_MODULES = YES;
				CLANG_ENABLE_OBJC_ARC = YES;
				CLANG_WARN_BOOL_CONVERSION = YES;
				CLANG_WARN_CONSTANT_CONVERSION = YES;
				CLANG_WARN_DIRECT_OBJC_ISA_USAGE = YES_ERROR;
				CLANG_WARN_EMPTY_BODY = YES;
				CLANG_WARN_ENUM_CONVERSION = YES;
				CLANG_WARN_INT_CONVERSION = YES;
				CLANG_WARN_OBJC_ROOT_CLASS = YES_ERROR;
				CLANG_WARN_UNREACHABLE_CODE = YES;
				CLANG_WARN__DUPLICATE_METHOD_MATCH = YES;
				"CODE_SIGN_IDENTITY[sdk=iphoneos*]" = "iPhone Developer";
				COPY_PHASE_STRIP = NO;
				DEBUG_INFORMATION_FORMAT = dwarf;
				ENABLE_STRICT_OBJC_MSGSEND = YES;
				ENABLE_TESTABILITY = YES;
				GCC_C_LANGUAGE_STANDARD = gnu99;
				GCC_DYNAMIC_NO_PIC = NO;
				GCC_NO_COMMON_BLOCKS = YES;
				GCC_OPTIMIZATION_LEVEL = 0;
				GCC_PREPROCESSOR_DEFINITIONS = (
					"DEBUG=1",
					"$(inherited)",
				);
				GCC_WARN_64_TO_32_BIT_CONVERSION = YES;
				GCC_WARN_ABOUT_RETURN_TYPE = YES_ERROR;
				GCC_WARN_UNDECLARED_SELECTOR = YES;
				GCC_WARN_UNINITIALIZED_AUTOS = YES_AGGRESSIVE;
				GCC_WARN_UNUSED_FUNCTION = YES;
				GCC_WARN_UNUSED_VARIABLE = YES;
				IPHONEOS_DEPLOYMENT_TARGET = 9.0;
				MTL_ENABLE_DEBUG_INFO = YES;
				ONLY_ACTIVE_ARCH = YES;
				SDKROOT = iphoneos;
			};
			name = Debug;
		};
		EF74B41F1BC900CC0092D504 /* Release */ = {
			isa = XCBuildConfiguration;
			buildSettings = {
				ALWAYS_SEARCH_USER_PATHS = NO;
				CLANG_CXX_LANGUAGE_STANDARD = "gnu++0x";
				CLANG_CXX_LIBRARY = "libc++";
				CLANG_ENABLE_MODULES = YES;
				CLANG_ENABLE_OBJC_ARC = YES;
				CLANG_WARN_BOOL_CONVERSION = YES;
				CLANG_WARN_CONSTANT_CONVERSION = YES;
				CLANG_WARN_DIRECT_OBJC_ISA_USAGE = YES_ERROR;
				CLANG_WARN_EMPTY_BODY = YES;
				CLANG_WARN_ENUM_CONVERSION = YES;
				CLANG_WARN_INT_CONVERSION = YES;
				CLANG_WARN_OBJC_ROOT_CLASS = YES_ERROR;
				CLANG_WARN_UNREACHABLE_CODE = YES;
				CLANG_WARN__DUPLICATE_METHOD_MATCH = YES;
				"CODE_SIGN_IDENTITY[sdk=iphoneos*]" = "iPhone Developer";
				COPY_PHASE_STRIP = NO;
				DEBUG_INFORMATION_FORMAT = "dwarf-with-dsym";
				ENABLE_NS_ASSERTIONS = NO;
				ENABLE_STRICT_OBJC_MSGSEND = YES;
				GCC_C_LANGUAGE_STANDARD = gnu99;
				GCC_NO_COMMON_BLOCKS = YES;
				GCC_WARN_64_TO_32_BIT_CONVERSION = YES;
				GCC_WARN_ABOUT_RETURN_TYPE = YES_ERROR;
				GCC_WARN_UNDECLARED_SELECTOR = YES;
				GCC_WARN_UNINITIALIZED_AUTOS = YES_AGGRESSIVE;
				GCC_WARN_UNUSED_FUNCTION = YES;
				GCC_WARN_UNUSED_VARIABLE = YES;
				IPHONEOS_DEPLOYMENT_TARGET = 9.0;
				MTL_ENABLE_DEBUG_INFO = NO;
				SDKROOT = iphoneos;
				VALIDATE_PRODUCT = YES;
			};
			name = Release;
		};
		EF74B4211BC900CC0092D504 /* Debug */ = {
			isa = XCBuildConfiguration;
			buildSettings = {
				ASSETCATALOG_COMPILER_APPICON_NAME = AppIcon;
				INFOPLIST_FILE = TestGit/Info.plist;
				LD_RUNPATH_SEARCH_PATHS = "$(inherited) @executable_path/Frameworks";
				PRODUCT_BUNDLE_IDENTIFIER = SunfocsSolutions.TestGit;
				PRODUCT_NAME = "$(TARGET_NAME)";
			};
			name = Debug;
		};
		EF74B4221BC900CC0092D504 /* Release */ = {
			isa = XCBuildConfiguration;
			buildSettings = {
				ASSETCATALOG_COMPILER_APPICON_NAME = AppIcon;
				INFOPLIST_FILE = TestGit/Info.plist;
				LD_RUNPATH_SEARCH_PATHS = "$(inherited) @executable_path/Frameworks";
				PRODUCT_BUNDLE_IDENTIFIER = SunfocsSolutions.TestGit;
				PRODUCT_NAME = "$(TARGET_NAME)";
			};
			name = Release;
		};
		EF74B4241BC900CC0092D504 /* Debug */ = {
			isa = XCBuildConfiguration;
			buildSettings = {
				BUNDLE_LOADER = "$(TEST_HOST)";
				INFOPLIST_FILE = TestGitTests/Info.plist;
				LD_RUNPATH_SEARCH_PATHS = "$(inherited) @executable_path/Frameworks @loader_path/Frameworks";
				PRODUCT_BUNDLE_IDENTIFIER = SunfocsSolutions.TestGitTests;
				PRODUCT_NAME = "$(TARGET_NAME)";
				TEST_HOST = "$(BUILT_PRODUCTS_DIR)/TestGit.app/TestGit";
			};
			name = Debug;
		};
		EF74B4251BC900CC0092D504 /* Release */ = {
			isa = XCBuildConfiguration;
			buildSettings = {
				BUNDLE_LOADER = "$(TEST_HOST)";
				INFOPLIST_FILE = TestGitTests/Info.plist;
				LD_RUNPATH_SEARCH_PATHS = "$(inherited) @executable_path/Frameworks @loader_path/Frameworks";
				PRODUCT_BUNDLE_IDENTIFIER = SunfocsSolutions.TestGitTests;
				PRODUCT_NAME = "$(TARGET_NAME)";
				TEST_HOST = "$(BUILT_PRODUCTS_DIR)/TestGit.app/TestGit";
			};
			name = Release;
		};
		EF74B4271BC900CC0092D504 /* Debug */ = {
			isa = XCBuildConfiguration;
			buildSettings = {
				INFOPLIST_FILE = TestGitUITests/Info.plist;
				LD_RUNPATH_SEARCH_PATHS = "$(inherited) @executable_path/Frameworks @loader_path/Frameworks";
				PRODUCT_BUNDLE_IDENTIFIER = SunfocsSolutions.TestGitUITests;
				PRODUCT_NAME = "$(TARGET_NAME)";
				TEST_TARGET_NAME = TestGit;
				USES_XCTRUNNER = YES;
			};
			name = Debug;
		};
		EF74B4281BC900CC0092D504 /* Release */ = {
			isa = XCBuildConfiguration;
			buildSettings = {
				INFOPLIST_FILE = TestGitUITests/Info.plist;
				LD_RUNPATH_SEARCH_PATHS = "$(inherited) @executable_path/Frameworks @loader_path/Frameworks";
				PRODUCT_BUNDLE_IDENTIFIER = SunfocsSolutions.TestGitUITests;
				PRODUCT_NAME = "$(TARGET_NAME)";
				TEST_TARGET_NAME = TestGit;
				USES_XCTRUNNER = YES;
			};
			name = Release;
		};
/* End XCBuildConfiguration section */

/* Begin XCConfigurationList section */
		EF74B3EE1BC900CB0092D504 /* Build configuration list for PBXProject "TestGit" */ = {
			isa = XCConfigurationList;
			buildConfigurations = (
				EF74B41E1BC900CC0092D504 /* Debug */,
				EF74B41F1BC900CC0092D504 /* Release */,
			);
			defaultConfigurationIsVisible = 0;
			defaultConfigurationName = Release;
		};
		EF74B4201BC900CC0092D504 /* Build configuration list for PBXNativeTarget "TestGit" */ = {
			isa = XCConfigurationList;
			buildConfigurations = (
				EF74B4211BC900CC0092D504 /* Debug */,
				EF74B4221BC900CC0092D504 /* Release */,
			);
			defaultConfigurationIsVisible = 0;
		};
		EF74B4231BC900CC0092D504 /* Build configuration list for PBXNativeTarget "TestGitTests" */ = {
			isa = XCConfigurationList;
			buildConfigurations = (
				EF74B4241BC900CC0092D504 /* Debug */,
				EF74B4251BC900CC0092D504 /* Release */,
			);
			defaultConfigurationIsVisible = 0;
		};
		EF74B4261BC900CC0092D504 /* Build configuration list for PBXNativeTarget "TestGitUITests" */ = {
			isa = XCConfigurationList;
			buildConfigurations = (
				EF74B4271BC900CC0092D504 /* Debug */,
				EF74B4281BC900CC0092D504 /* Release */,
			);
			defaultConfigurationIsVisible = 0;
		};
/* End XCConfigurationList section */
	};
	rootObject = EF74B3EB1BC900CB0092D504 /* Project object */;
}
